
Microsoft Visual Studio Solution File, Format Version 12.00
# Visual Studio Version 16
VisualStudioVersion = 16.0.31129.286
MinimumVisualStudioVersion = 10.0.40219.1
Project("{9A19103F-16F7-4668-BE54-9A1E7A4F7556}") = "Sistran.API", "Sistran.API.csproj", "{2CA09C36-93F6-486F-8C5D-7DCC6DA195BC}"
EndProject
Project("{FAE04EC0-301F-11D3-BF4B-00C04F79EFBC}") = "Sistran.BusinessObjects", "..\Sistran.BusinessObjects\Sistran.BusinessObjects.csproj", "{8E386E0A-FD0B-4030-9CD3-F39E70FB6FC8}"
EndProject
Project("{FAE04EC0-301F-11D3-BF4B-00C04F79EFBC}") = "Sistran.BusinessActions", "..\Sistran.BusinessActions\Sistran.BusinessActions.csproj", "{F614440D-8128-4759-8C93-2CE74BAE3ACC}"
EndProject
Project("{FAE04EC0-301F-11D3-BF4B-00C04F79EFBC}") = "Sistran.DataAccess", "..\Sistran.DataAccess\Sistran.DataAccess.csproj", "{88978069-A466-4650-BE44-7A6BACA264B5}"
EndProject
Project("{FAE04EC0-301F-11D3-BF4B-00C04F79EFBC}") = "Sistran.Tests", "..\Sistran.Tests\Sistran.Tests.csproj", "{B4C13158-398D-4D31-B3FE-C58C3D57777F}"
EndProject
Global
	GlobalSection(SolutionConfigurationPlatforms) = preSolution
		Debug|Any CPU = Debug|Any CPU
		Release|Any CPU = Release|Any CPU
	EndGlobalSection
	GlobalSection(ProjectConfigurationPlatforms) = postSolution
		{2CA09C36-93F6-486F-8C5D-7DCC6DA195BC}.Debug|Any CPU.ActiveCfg = Debug|Any CPU
		{2CA09C36-93F6-486F-8C5D-7DCC6DA195BC}.Debug|Any CPU.Build.0 = Debug|Any CPU
		{2CA09C36-93F6-486F-8C5D-7DCC6DA195BC}.Release|Any CPU.ActiveCfg = Release|Any CPU
		{2CA09C36-93F6-486F-8C5D-7DCC6DA195BC}.Release|Any CPU.Build.0 = Release|Any CPU
		{8E386E0A-FD0B-4030-9CD3-F39E70FB6FC8}.Debug|Any CPU.ActiveCfg = Debug|Any CPU
		{8E386E0A-FD0B-4030-9CD3-F39E70FB6FC8}.Debug|Any CPU.Build.0 = Debug|Any CPU
		{8E386E0A-FD0B-4030-9CD3-F39E70FB6FC8}.Release|Any CPU.ActiveCfg = Release|Any CPU
		{8E386E0A-FD0B-4030-9CD3-F39E70FB6FC8}.Release|Any CPU.Build.0 = Release|Any CPU
		{F614440D-8128-4759-8C93-2CE74BAE3ACC}.Debug|Any CPU.ActiveCfg = Debug|Any CPU
		{F614440D-8128-4759-8C93-2CE74BAE3ACC}.Debug|Any CPU.Build.0 = Debug|Any CPU
		{F614440D-8128-4759-8C93-2CE74BAE3ACC}.Release|Any CPU.ActiveCfg = Release|Any CPU
		{F614440D-8128-4759-8C93-2CE74BAE3ACC}.Release|Any CPU.Build.0 = Release|Any CPU
		{88978069-A466-4650-BE44-7A6BACA264B5}.Debug|Any CPU.ActiveCfg = Debug|Any CPU
		{88978069-A466-4650-BE44-7A6BACA264B5}.Debug|Any CPU.Build.0 = Debug|Any CPU
		{88978069-A466-4650-BE44-7A6BACA264B5}.Release|Any CPU.ActiveCfg = Release|Any CPU
		{88978069-A466-4650-BE44-7A6BACA264B5}.Release|Any CPU.Build.0 = Release|Any CPU
		{B4C13158-398D-4D31-B3FE-C58C3D57777F}.Debug|Any CPU.ActiveCfg = Debug|Any CPU
		{B4C13158-398D-4D31-B3FE-C58C3D57777F}.Debug|Any CPU.Build.0 = Debug|Any CPU
		{B4C13158-398D-4D31-B3FE-C58C3D57777F}.Release|Any CPU.ActiveCfg = Release|Any CPU
		{B4C13158-398D-4D31-B3FE-C58C3D57777F}.Release|Any CPU.Build.0 = Release|Any CPU
	EndGlobalSection
	GlobalSection(SolutionProperties) = preSolution
		HideSolutionNode = FALSE
	EndGlobalSection
	GlobalSection(ExtensibilityGlobals) = postSolution
		SolutionGuid = {0EA8E2DF-8524-47ED-AE3A-FE1FAD640F7C}
	EndGlobalSection
EndGlobal
